PODS:
  - AvoStateOfTracking (0.1.0)
  - Expecta (1.0.6)
  - "Expecta+Snapshots (3.1.1)":
    - Expecta (~> 1.0)
    - FBSnapshotTestCase/Core (~> 2.0)
    - Specta (~> 1.0)
  - FBSnapshotTestCase (2.1.4):
    - FBSnapshotTestCase/SwiftSupport (= 2.1.4)
  - FBSnapshotTestCase/Core (2.1.4)
  - FBSnapshotTestCase/SwiftSupport (2.1.4):
    - FBSnapshotTestCase/Core
  - Specta (1.0.7)

DEPENDENCIES:
  - AvoStateOfTracking (from `../`)
  - Expecta
  - "Expecta+Snapshots"
  - FBSnapshotTestCase
  - Specta

SPEC REPOS:
  trunk:
    - Expecta
    - "Expecta+Snapshots"
    - FBSnapshotTestCase
    - Specta

EXTERNAL SOURCES:
  AvoStateOfTracking:
    :path: "../"

SPEC CHECKSUMS:
  AvoStateOfTracking: 48f75c1989a5ac585d65aa8cc6bb0b471da408f7
  Expecta: 3b6bd90a64b9a1dcb0b70aa0e10a7f8f631667d5
  "Expecta+Snapshots": dcff217eef506dabd6dfdc7864ea2da321fafbb8
  FBSnapshotTestCase: 094f9f314decbabe373b87cc339bea235a63e07a
  Specta: 3e1bd89c3517421982dc4d1c992503e48bd5fe66

PODFILE CHECKSUM: c915e0f387cdc4457cb3f81938bdf339aaddb8d4

COCOAPODS: 1.9.0.beta.2
